
Microsoft Visual Studio Solution File, Format Version 12.00
# Visual Studio Version 16
VisualStudioVersion = 16.0.32228.343
MinimumVisualStudioVersion = 10.0.40219.1
Project("{FAE04EC0-301F-11D3-BF4B-00C04F79EFBC}") = "kyrsovoy_kiselev", "kyrsovoy_kiselev\kyrsovoy_kiselev.csproj", "{A3BCD8E3-C838-4FBE-BBD2-AE3CD7D74E53}"
EndProject
Global
	GlobalSection(SolutionConfigurationPlatforms) = preSolution
		Debug|Any CPU = Debug|Any CPU
		Release|Any CPU = Release|Any CPU
	EndGlobalSection
	GlobalSection(ProjectConfigurationPlatforms) = postSolution
		{A3BCD8E3-C838-4FBE-BBD2-AE3CD7D74E53}.Debug|Any CPU.ActiveCfg = Debug|Any CPU
		{A3BCD8E3-C838-4FBE-BBD2-AE3CD7D74E53}.Debug|Any CPU.Build.0 = Debug|Any CPU
		{A3BCD8E3-C838-4FBE-BBD2-AE3CD7D74E53}.Release|Any CPU.ActiveCfg = Release|Any CPU
		{A3BCD8E3-C838-4FBE-BBD2-AE3CD7D74E53}.Release|Any CPU.Build.0 = Release|Any CPU
	EndGlobalSection
	GlobalSection(SolutionProperties) = preSolution
		HideSolutionNode = FALSE
	EndGlobalSection
	GlobalSection(ExtensibilityGlobals) = postSolution
		SolutionGuid = {2688FA0B-DF6B-4F63-AA07-AD090B03EF77}
	EndGlobalSection
EndGlobal
